
Microsoft Visual Studio Solution File, Format Version 12.00
# Visual Studio Version 17
VisualStudioVersion = 17.0.32112.339
MinimumVisualStudioVersion = 10.0.40219.1
Project("{FAE04EC0-301F-11D3-BF4B-00C04F79EFBC}") = "projectfinal", "projectfinal\projectfinal.csproj", "{071528AA-6ED2-41DE-912D-3C1CB4DC22A9}"
EndProject
Global
	GlobalSection(SolutionConfigurationPlatforms) = preSolution
		Debug|Any CPU = Debug|Any CPU
		Release|Any CPU = Release|Any CPU
	EndGlobalSection
	GlobalSection(ProjectConfigurationPlatforms) = postSolution
		{071528AA-6ED2-41DE-912D-3C1CB4DC22A9}.Debug|Any CPU.ActiveCfg = Debug|Any CPU
		{071528AA-6ED2-41DE-912D-3C1CB4DC22A9}.Debug|Any CPU.Build.0 = Debug|Any CPU
		{071528AA-6ED2-41DE-912D-3C1CB4DC22A9}.Release|Any CPU.ActiveCfg = Release|Any CPU
		{071528AA-6ED2-41DE-912D-3C1CB4DC22A9}.Release|Any CPU.Build.0 = Release|Any CPU
	EndGlobalSection
	GlobalSection(SolutionProperties) = preSolution
		HideSolutionNode = FALSE
	EndGlobalSection
	GlobalSection(ExtensibilityGlobals) = postSolution
		SolutionGuid = {67997CCB-6BCB-4E28-A936-9C67200EF073}
	EndGlobalSection
EndGlobal
